
Microsoft Visual Studio Solution File, Format Version 11.00
# Visual Studio 2010
Project("{FAE04EC0-301F-11D3-BF4B-00C04F79EFBC}") = "mmixal", "mmixal\mmixal.csproj", "{2BB62DAC-EB94-407B-97D4-B9B8533F6927}"
EndProject
Project("{8BC9CEB8-8B4A-11D0-8D11-00A0C91BC942}") = "mmixvm", "mmixvm\mmixvm.vcxproj", "{DD44D486-09D9-4632-B8EF-9169C4241E8C}"
EndProject
Global
	GlobalSection(SolutionConfigurationPlatforms) = preSolution
		Debug|Mixed Platforms = Debug|Mixed Platforms
		Debug|Win32 = Debug|Win32
		Debug|x86 = Debug|x86
		Release|Mixed Platforms = Release|Mixed Platforms
		Release|Win32 = Release|Win32
		Release|x86 = Release|x86
	EndGlobalSection
	GlobalSection(ProjectConfigurationPlatforms) = postSolution
		{2BB62DAC-EB94-407B-97D4-B9B8533F6927}.Debug|Mixed Platforms.ActiveCfg = Debug|x86
		{2BB62DAC-EB94-407B-97D4-B9B8533F6927}.Debug|Mixed Platforms.Build.0 = Debug|x86
		{2BB62DAC-EB94-407B-97D4-B9B8533F6927}.Debug|Win32.ActiveCfg = Debug|x86
		{2BB62DAC-EB94-407B-97D4-B9B8533F6927}.Debug|x86.ActiveCfg = Debug|x86
		{2BB62DAC-EB94-407B-97D4-B9B8533F6927}.Debug|x86.Build.0 = Debug|x86
		{2BB62DAC-EB94-407B-97D4-B9B8533F6927}.Release|Mixed Platforms.ActiveCfg = Release|x86
		{2BB62DAC-EB94-407B-97D4-B9B8533F6927}.Release|Mixed Platforms.Build.0 = Release|x86
		{2BB62DAC-EB94-407B-97D4-B9B8533F6927}.Release|Win32.ActiveCfg = Release|x86
		{2BB62DAC-EB94-407B-97D4-B9B8533F6927}.Release|x86.ActiveCfg = Release|x86
		{2BB62DAC-EB94-407B-97D4-B9B8533F6927}.Release|x86.Build.0 = Release|x86
		{DD44D486-09D9-4632-B8EF-9169C4241E8C}.Debug|Mixed Platforms.ActiveCfg = Debug|Win32
		{DD44D486-09D9-4632-B8EF-9169C4241E8C}.Debug|Mixed Platforms.Build.0 = Debug|Win32
		{DD44D486-09D9-4632-B8EF-9169C4241E8C}.Debug|Win32.ActiveCfg = Debug|Win32
		{DD44D486-09D9-4632-B8EF-9169C4241E8C}.Debug|Win32.Build.0 = Debug|Win32
		{DD44D486-09D9-4632-B8EF-9169C4241E8C}.Debug|x86.ActiveCfg = Debug|Win32
		{DD44D486-09D9-4632-B8EF-9169C4241E8C}.Release|Mixed Platforms.ActiveCfg = Release|Win32
		{DD44D486-09D9-4632-B8EF-9169C4241E8C}.Release|Mixed Platforms.Build.0 = Release|Win32
		{DD44D486-09D9-4632-B8EF-9169C4241E8C}.Release|Win32.ActiveCfg = Release|Win32
		{DD44D486-09D9-4632-B8EF-9169C4241E8C}.Release|Win32.Build.0 = Release|Win32
		{DD44D486-09D9-4632-B8EF-9169C4241E8C}.Release|x86.ActiveCfg = Release|Win32
	EndGlobalSection
	GlobalSection(SolutionProperties) = preSolution
		HideSolutionNode = FALSE
	EndGlobalSection
EndGlobal
